Microsoft Visual Studio Solution File, Format Version 12.00
# Visual Studio Version 16
VisualStudioVersion = 16.0.29123.88
MinimumVisualStudioVersion = 10.0.40219.1
Project("{2150E333-8FDC-42A3-9474-1A3956D46DE8}") = "src", "src", "{43CF214F-8C1A-4433-824E-CBD46BA7223E}"
EndProject
Project("{2150E333-8FDC-42A3-9474-1A3956D46DE8}") = "Plugins", "Plugins", "{81AA2238-D340-4199-B3B9-76AB9792B3E7}"
EndProject
Project("{9A19103F-16F7-4668-BE54-9A1E7A4F7556}") = "ZKEACMS.WebHost", "src\ZKEACMS.WebHost\ZKEACMS.WebHost.csproj", "{E85E1857-F210-4499-B3FC-7F876DE513B3}"
EndProject
Project("{9A19103F-16F7-4668-BE54-9A1E7A4F7556}") = "EasyFrameWork", "src\EasyFrameWork\EasyFrameWork.csproj", "{2027456E-9106-4657-8460-29FD0FE8F62F}"
EndProject
Project("{9A19103F-16F7-4668-BE54-9A1E7A4F7556}") = "ZKEACMS.SectionWidget", "src\ZKEACMS.SectionWidget\ZKEACMS.SectionWidget.csproj", "{B087D8BE-032E-4D62-A305-7D333ED2A680}"
EndProject
Project("{9A19103F-16F7-4668-BE54-9A1E7A4F7556}") = "ZKEACMS", "src\ZKEACMS\ZKEACMS.csproj", "{81AA5DCB-0759-40A8-85A4-50162DA35A62}"
EndProject
Project("{9A19103F-16F7-4668-BE54-9A1E7A4F7556}") = "ZKEACMS.Product", "src\ZKEACMS.Product\ZKEACMS.Product.csproj", "{4360CE1D-7AB5-4914-A054-12149E9FD270}"
EndProject
Project("{9A19103F-16F7-4668-BE54-9A1E7A4F7556}") = "ZKEACMS.Article", "src\ZKEACMS.Article\ZKEACMS.Article.csproj", "{1AFB2011-A7F9-40DC-AA29-8B0243CBC72E}"
EndProject
Project("{9A19103F-16F7-4668-BE54-9A1E7A4F7556}") = "ZKEACMS.Message", "src\ZKEACMS.Message\ZKEACMS.Message.csproj", "{7EF16BD2-5552-4680-ABBC-13506752EB6D}"
EndProject
Project("{9A19103F-16F7-4668-BE54-9A1E7A4F7556}") = "ZKEACMS.Redirection", "src\ZKEACMS.Redirection\ZKEACMS.Redirection.csproj", "{F5EB417D-588B-40DB-A9BC-8CB714F8BA7C}"
EndProject
Project("{9A19103F-16F7-4668-BE54-9A1E7A4F7556}") = "ZKEACMS.FormGenerator", "src\ZKEACMS.FormGenerator\ZKEACMS.FormGenerator.csproj", "{3D237CC3-D4FD-452C-85D5-3D5F21EE886B}"
EndProject
Project("{9A19103F-16F7-4668-BE54-9A1E7A4F7556}") = "ZKEACMS.Sitemap", "src\ZKEACMS.Sitemap\ZKEACMS.Sitemap.csproj", "{C5B5DA19-348F-4F58-B995-747B126BC1F7}"
EndProject
Project("{9A19103F-16F7-4668-BE54-9A1E7A4F7556}") = "ZKEACMS.Shop", "src\ZKEACMS.Shop\ZKEACMS.Shop.csproj", "{17C35287-C138-43E5-B033-A329BC6A1BAF}"
EndProject
Project("{9A19103F-16F7-4668-BE54-9A1E7A4F7556}") = "ZKEACMS.StyleEditor", "src\ZKEACMS.StyleEditor\ZKEACMS.StyleEditor.csproj", "{A2A8B5F5-E941-423B-A405-2F4DA063EBC9}"
EndProject
Project("{2150E333-8FDC-42A3-9474-1A3956D46DE8}") = "test", "test", "{40CEE771-5C31-44A8-9C2E-AC25263872CA}"
EndProject
Project("{9A19103F-16F7-4668-BE54-9A1E7A4F7556}") = "ZKEACMS.Test", "test\ZKEACMS.Test\ZKEACMS.Test.csproj", "{7E9C2C74-2ABB-4C37-9AC1-DA58C9A8856E}"
EndProject
Project("{9A19103F-16F7-4668-BE54-9A1E7A4F7556}") = "EasyFrameWork.Test", "test\EasyFrameWork.Test\EasyFrameWork.Test.csproj", "{0CB3F1F1-951E-4A39-8997-A5141D139BDF}"
EndProject
Project("{9A19103F-16F7-4668-BE54-9A1E7A4F7556}") = "ZKEACMS.Updater", "src\ZKEACMS.Updater\ZKEACMS.Updater.csproj", "{CD7A7768-AB55-4BFA-9842-B954F3C92170}"
EndProject
Project("{9A19103F-16F7-4668-BE54-9A1E7A4F7556}") = "ZKEACMS.GlobalScripts", "src\ZKEACMS.GlobalScripts\ZKEACMS.GlobalScripts.csproj", "{27B62B5E-6F83-4660-A75F-2CF0496F4661}"
EndProject
Project("{9A19103F-16F7-4668-BE54-9A1E7A4F7556}") = "ZKEACMS.SiteSearch", "src\ZKEACMS.SiteSearch\ZKEACMS.SiteSearch.csproj", "{0D9C2D48-0032-45D4-90D8-87BFFFE25DD0}"
EndProject
Project("{9A19103F-16F7-4668-BE54-9A1E7A4F7556}") = "ZKEACMS.TemplateImporter", "src\ZKEACMS.TemplateImporter\ZKEACMS.TemplateImporter.csproj", "{33689EEA-4A2F-4E27-A814-6302266F0A3D}"
EndProject
Project("{2150E333-8FDC-42A3-9474-1A3956D46DE8}") = "tools", "tools", "{0B4542D1-4A9B-4C97-A067-D35E924DA9BD}"
EndProject
Project("{9A19103F-16F7-4668-BE54-9A1E7A4F7556}") = "PackWidgetTemplate", "tools\PackWidgetTemplate\PackWidgetTemplate.csproj", "{E52C0F0E-78E2-40DA-B73E-49D5EAA00215}"
EndProject
Global
	GlobalSection(SolutionConfigurationPlatforms) = preSolution
		Debug|Any CPU = Debug|Any CPU
		Release|Any CPU = Release|Any CPU
	EndGlobalSection
	GlobalSection(ProjectConfigurationPlatforms) = postSolution
		{E85E1857-F210-4499-B3FC-7F876DE513B3}.Debug|Any CPU.ActiveCfg = Debug|Any CPU
		{E85E1857-F210-4499-B3FC-7F876DE513B3}.Debug|Any CPU.Build.0 = Debug|Any CPU
		{E85E1857-F210-4499-B3FC-7F876DE513B3}.Release|Any CPU.ActiveCfg = Release|Any CPU
		{E85E1857-F210-4499-B3FC-7F876DE513B3}.Release|Any CPU.Build.0 = Release|Any CPU
		{2027456E-9106-4657-8460-29FD0FE8F62F}.Debug|Any CPU.ActiveCfg = Debug|Any CPU
		{2027456E-9106-4657-8460-29FD0FE8F62F}.Debug|Any CPU.Build.0 = Debug|Any CPU
		{2027456E-9106-4657-8460-29FD0FE8F62F}.Release|Any CPU.ActiveCfg = Release|Any CPU
		{2027456E-9106-4657-8460-29FD0FE8F62F}.Release|Any CPU.Build.0 = Release|Any CPU
		{B087D8BE-032E-4D62-A305-7D333ED2A680}.Debug|Any CPU.ActiveCfg = Debug|Any CPU
		{B087D8BE-032E-4D62-A305-7D333ED2A680}.Debug|Any CPU.Build.0 = Debug|Any CPU
		{B087D8BE-032E-4D62-A305-7D333ED2A680}.Release|Any CPU.ActiveCfg = Release|Any CPU
		{B087D8BE-032E-4D62-A305-7D333ED2A680}.Release|Any CPU.Build.0 = Release|Any CPU
		{81AA5DCB-0759-40A8-85A4-50162DA35A62}.Debug|Any CPU.ActiveCfg = Debug|Any CPU
		{81AA5DCB-0759-40A8-85A4-50162DA35A62}.Debug|Any CPU.Build.0 = Debug|Any CPU
		{81AA5DCB-0759-40A8-85A4-50162DA35A62}.Release|Any CPU.ActiveCfg = Release|Any CPU
		{81AA5DCB-0759-40A8-85A4-50162DA35A62}.Release|Any CPU.Build.0 = Release|Any CPU
		{4360CE1D-7AB5-4914-A054-12149E9FD270}.Debug|Any CPU.ActiveCfg = Debug|Any CPU
		{4360CE1D-7AB5-4914-A054-12149E9FD270}.Debug|Any CPU.Build.0 = Debug|Any CPU
		{4360CE1D-7AB5-4914-A054-12149E9FD270}.Release|Any CPU.ActiveCfg = Release|Any CPU
		{4360CE1D-7AB5-4914-A054-12149E9FD270}.Release|Any CPU.Build.0 = Release|Any CPU
		{1AFB2011-A7F9-40DC-AA29-8B0243CBC72E}.Debug|Any CPU.ActiveCfg = Debug|Any CPU
		{1AFB2011-A7F9-40DC-AA29-8B0243CBC72E}.Debug|Any CPU.Build.0 = Debug|Any CPU
		{1AFB2011-A7F9-40DC-AA29-8B0243CBC72E}.Release|Any CPU.ActiveCfg = Release|Any CPU
		{1AFB2011-A7F9-40DC-AA29-8B0243CBC72E}.Release|Any CPU.Build.0 = Release|Any CPU
		{7EF16BD2-5552-4680-ABBC-13506752EB6D}.Debug|Any CPU.ActiveCfg = Debug|Any CPU
		{7EF16BD2-5552-4680-ABBC-13506752EB6D}.Debug|Any CPU.Build.0 = Debug|Any CPU
		{7EF16BD2-5552-4680-ABBC-13506752EB6D}.Release|Any CPU.ActiveCfg = Release|Any CPU
		{7EF16BD2-5552-4680-ABBC-13506752EB6D}.Release|Any CPU.Build.0 = Release|Any CPU
		{F5EB417D-588B-40DB-A9BC-8CB714F8BA7C}.Debug|Any CPU.ActiveCfg = Debug|Any CPU
		{F5EB417D-588B-40DB-A9BC-8CB714F8BA7C}.Debug|Any CPU.Build.0 = Debug|Any CPU
		{F5EB417D-588B-40DB-A9BC-8CB714F8BA7C}.Release|Any CPU.ActiveCfg = Release|Any CPU
		{F5EB417D-588B-40DB-A9BC-8CB714F8BA7C}.Release|Any CPU.Build.0 = Release|Any CPU
		{3D237CC3-D4FD-452C-85D5-3D5F21EE886B}.Debug|Any CPU.ActiveCfg = Debug|Any CPU
		{3D237CC3-D4FD-452C-85D5-3D5F21EE886B}.Debug|Any CPU.Build.0 = Debug|Any CPU
		{3D237CC3-D4FD-452C-85D5-3D5F21EE886B}.Release|Any CPU.ActiveCfg = Release|Any CPU
		{3D237CC3-D4FD-452C-85D5-3D5F21EE886B}.Release|Any CPU.Build.0 = Release|Any CPU
		{C5B5DA19-348F-4F58-B995-747B126BC1F7}.Debug|Any CPU.ActiveCfg = Debug|Any CPU
		{C5B5DA19-348F-4F58-B995-747B126BC1F7}.Debug|Any CPU.Build.0 = Debug|Any CPU
		{C5B5DA19-348F-4F58-B995-747B126BC1F7}.Release|Any CPU.ActiveCfg = Release|Any CPU
		{C5B5DA19-348F-4F58-B995-747B126BC1F7}.Release|Any CPU.Build.0 = Release|Any CPU
		{17C35287-C138-43E5-B033-A329BC6A1BAF}.Debug|Any CPU.ActiveCfg = Debug|Any CPU
		{17C35287-C138-43E5-B033-A329BC6A1BAF}.Debug|Any CPU.Build.0 = Debug|Any CPU
		{17C35287-C138-43E5-B033-A329BC6A1BAF}.Release|Any CPU.ActiveCfg = Release|Any CPU
		{17C35287-C138-43E5-B033-A329BC6A1BAF}.Release|Any CPU.Build.0 = Release|Any CPU
		{A2A8B5F5-E941-423B-A405-2F4DA063EBC9}.Debug|Any CPU.ActiveCfg = Debug|Any CPU
		{A2A8B5F5-E941-423B-A405-2F4DA063EBC9}.Debug|Any CPU.Build.0 = Debug|Any CPU
		{A2A8B5F5-E941-423B-A405-2F4DA063EBC9}.Release|Any CPU.ActiveCfg = Release|Any CPU
		{A2A8B5F5-E941-423B-A405-2F4DA063EBC9}.Release|Any CPU.Build.0 = Release|Any CPU
		{7E9C2C74-2ABB-4C37-9AC1-DA58C9A8856E}.Debug|Any CPU.ActiveCfg = Debug|Any CPU
		{7E9C2C74-2ABB-4C37-9AC1-DA58C9A8856E}.Debug|Any CPU.Build.0 = Debug|Any CPU
		{7E9C2C74-2ABB-4C37-9AC1-DA58C9A8856E}.Release|Any CPU.ActiveCfg = Release|Any CPU
		{7E9C2C74-2ABB-4C37-9AC1-DA58C9A8856E}.Release|Any CPU.Build.0 = Release|Any CPU
		{0CB3F1F1-951E-4A39-8997-A5141D139BDF}.Debug|Any CPU.ActiveCfg = Debug|Any CPU
		{0CB3F1F1-951E-4A39-8997-A5141D139BDF}.Debug|Any CPU.Build.0 = Debug|Any CPU
		{0CB3F1F1-951E-4A39-8997-A5141D139BDF}.Release|Any CPU.ActiveCfg = Release|Any CPU
		{0CB3F1F1-951E-4A39-8997-A5141D139BDF}.Release|Any CPU.Build.0 = Release|Any CPU
		{CD7A7768-AB55-4BFA-9842-B954F3C92170}.Debug|Any CPU.ActiveCfg = Debug|Any CPU
		{CD7A7768-AB55-4BFA-9842-B954F3C92170}.Debug|Any CPU.Build.0 = Debug|Any CPU
		{CD7A7768-AB55-4BFA-9842-B954F3C92170}.Release|Any CPU.ActiveCfg = Release|Any CPU
		{CD7A7768-AB55-4BFA-9842-B954F3C92170}.Release|Any CPU.Build.0 = Release|Any CPU
		{27B62B5E-6F83-4660-A75F-2CF0496F4661}.Debug|Any CPU.ActiveCfg = Debug|Any CPU
		{27B62B5E-6F83-4660-A75F-2CF0496F4661}.Debug|Any CPU.Build.0 = Debug|Any CPU
		{27B62B5E-6F83-4660-A75F-2CF0496F4661}.Release|Any CPU.ActiveCfg = Release|Any CPU
		{27B62B5E-6F83-4660-A75F-2CF0496F4661}.Release|Any CPU.Build.0 = Release|Any CPU
		{0D9C2D48-0032-45D4-90D8-87BFFFE25DD0}.Debug|Any CPU.ActiveCfg = Debug|Any CPU
		{0D9C2D48-0032-45D4-90D8-87BFFFE25DD0}.Debug|Any CPU.Build.0 = Debug|Any CPU
		{0D9C2D48-0032-45D4-90D8-87BFFFE25DD0}.Release|Any CPU.ActiveCfg = Release|Any CPU
		{0D9C2D48-0032-45D4-90D8-87BFFFE25DD0}.Release|Any CPU.Build.0 = Release|Any CPU
		{33689EEA-4A2F-4E27-A814-6302266F0A3D}.Debug|Any CPU.ActiveCfg = Debug|Any CPU
		{33689EEA-4A2F-4E27-A814-6302266F0A3D}.Debug|Any CPU.Build.0 = Debug|Any CPU
		{33689EEA-4A2F-4E27-A814-6302266F0A3D}.Release|Any CPU.ActiveCfg = Release|Any CPU
		{33689EEA-4A2F-4E27-A814-6302266F0A3D}.Release|Any CPU.Build.0 = Release|Any CPU
		{E52C0F0E-78E2-40DA-B73E-49D5EAA00215}.Debug|Any CPU.ActiveCfg = Debug|Any CPU
		{E52C0F0E-78E2-40DA-B73E-49D5EAA00215}.Debug|Any CPU.Build.0 = Debug|Any CPU
		{E52C0F0E-78E2-40DA-B73E-49D5EAA00215}.Release|Any CPU.ActiveCfg = Release|Any CPU
		{E52C0F0E-78E2-40DA-B73E-49D5EAA00215}.Release|Any CPU.Build.0 = Release|Any CPU
	EndGlobalSection
	GlobalSection(SolutionProperties) = preSolution
		HideSolutionNode = FALSE
	EndGlobalSection
	GlobalSection(NestedProjects) = preSolution
		{E85E1857-F210-4499-B3FC-7F876DE513B3} = {43CF214F-8C1A-4433-824E-CBD46BA7223E}
		{2027456E-9106-4657-8460-29FD0FE8F62F} = {43CF214F-8C1A-4433-824E-CBD46BA7223E}
		{B087D8BE-032E-4D62-A305-7D333ED2A680} = {81AA2238-D340-4199-B3B9-76AB9792B3E7}
		{81AA5DCB-0759-40A8-85A4-50162DA35A62} = {43CF214F-8C1A-4433-824E-CBD46BA7223E}
		{4360CE1D-7AB5-4914-A054-12149E9FD270} = {81AA2238-D340-4199-B3B9-76AB9792B3E7}
		{1AFB2011-A7F9-40DC-AA29-8B0243CBC72E} = {81AA2238-D340-4199-B3B9-76AB9792B3E7}
		{7EF16BD2-5552-4680-ABBC-13506752EB6D} = {81AA2238-D340-4199-B3B9-76AB9792B3E7}
		{F5EB417D-588B-40DB-A9BC-8CB714F8BA7C} = {81AA2238-D340-4199-B3B9-76AB9792B3E7}
		{3D237CC3-D4FD-452C-85D5-3D5F21EE886B} = {81AA2238-D340-4199-B3B9-76AB9792B3E7}
		{C5B5DA19-348F-4F58-B995-747B126BC1F7} = {81AA2238-D340-4199-B3B9-76AB9792B3E7}
		{17C35287-C138-43E5-B033-A329BC6A1BAF} = {81AA2238-D340-4199-B3B9-76AB9792B3E7}
		{A2A8B5F5-E941-423B-A405-2F4DA063EBC9} = {81AA2238-D340-4199-B3B9-76AB9792B3E7}
		{7E9C2C74-2ABB-4C37-9AC1-DA58C9A8856E} = {40CEE771-5C31-44A8-9C2E-AC25263872CA}
		{0CB3F1F1-951E-4A39-8997-A5141D139BDF} = {40CEE771-5C31-44A8-9C2E-AC25263872CA}
		{CD7A7768-AB55-4BFA-9842-B954F3C92170} = {81AA2238-D340-4199-B3B9-76AB9792B3E7}
		{27B62B5E-6F83-4660-A75F-2CF0496F4661} = {81AA2238-D340-4199-B3B9-76AB9792B3E7}
		{0D9C2D48-0032-45D4-90D8-87BFFFE25DD0} = {81AA2238-D340-4199-B3B9-76AB9792B3E7}
		{33689EEA-4A2F-4E27-A814-6302266F0A3D} = {81AA2238-D340-4199-B3B9-76AB9792B3E7}
		{E52C0F0E-78E2-40DA-B73E-49D5EAA00215} = {0B4542D1-4A9B-4C97-A067-D35E924DA9BD}
	EndGlobalSection
	GlobalSection(ExtensibilityGlobals) = postSolution
		SolutionGuid = {ABBB3E10-D2E8-438B-B5BB-AB4E824BCB6A}
	EndGlobalSection
EndGlobal
