
Microsoft Visual Studio Solution File, Format Version 12.00
# Visual Studio 15
VisualStudioVersion = 15.0.26730.10
MinimumVisualStudioVersion = 10.0.40219.1
Project("{2150E333-8FDC-42A3-9474-1A3956D46DE8}") = "src", "src", "{43CF214F-8C1A-4433-824E-CBD46BA7223E}"
EndProject
Project("{2150E333-8FDC-42A3-9474-1A3956D46DE8}") = "Solution Items", "Solution Items", "{04ECD372-B558-40B1-ADBC-E626596BB91F}"
EndProject
Project("{2150E333-8FDC-42A3-9474-1A3956D46DE8}") = "Plugins", "Plugins", "{81AA2238-D340-4199-B3B9-76AB9792B3E7}"
EndProject
Project("{9A19103F-16F7-4668-BE54-9A1E7A4F7556}") = "ZKEACMS.WebHost", "src\ZKEACMS.WebHost\ZKEACMS.WebHost.csproj", "{E85E1857-F210-4499-B3FC-7F876DE513B3}"
EndProject
Project("{9A19103F-16F7-4668-BE54-9A1E7A4F7556}") = "EasyFrameWork", "src\EasyFrameWork\EasyFrameWork.csproj", "{2027456E-9106-4657-8460-29FD0FE8F62F}"
EndProject
Project("{9A19103F-16F7-4668-BE54-9A1E7A4F7556}") = "ZKEACMS.SectionWidget", "src\ZKEACMS.SectionWidget\ZKEACMS.SectionWidget.csproj", "{B087D8BE-032E-4D62-A305-7D333ED2A680}"
EndProject
Project("{9A19103F-16F7-4668-BE54-9A1E7A4F7556}") = "ZKEACMS", "src\ZKEACMS\ZKEACMS.csproj", "{81AA5DCB-0759-40A8-85A4-50162DA35A62}"
EndProject
Project("{9A19103F-16F7-4668-BE54-9A1E7A4F7556}") = "ZKEACMS.Product", "src\ZKEACMS.Product\ZKEACMS.Product.csproj", "{4360CE1D-7AB5-4914-A054-12149E9FD270}"
EndProject
Project("{9A19103F-16F7-4668-BE54-9A1E7A4F7556}") = "ZKEACMS.Article", "src\ZKEACMS.Article\ZKEACMS.Article.csproj", "{1AFB2011-A7F9-40DC-AA29-8B0243CBC72E}"
EndProject
Project("{9A19103F-16F7-4668-BE54-9A1E7A4F7556}") = "PluginPublisher", "PluginPublisher\PluginPublisher.csproj", "{87028CB7-7FF5-4B94-8636-90870D379873}"
EndProject
Project("{9A19103F-16F7-4668-BE54-9A1E7A4F7556}") = "ZKEACMS.Message", "src\ZKEACMS.Message\ZKEACMS.Message.csproj", "{7EF16BD2-5552-4680-ABBC-13506752EB6D}"
EndProject
Project("{9A19103F-16F7-4668-BE54-9A1E7A4F7556}") = "ZKEACMS.Redirection", "src\ZKEACMS.Redirection\ZKEACMS.Redirection.csproj", "{F5EB417D-588B-40DB-A9BC-8CB714F8BA7C}"
EndProject
Global
	GlobalSection(SolutionConfigurationPlatforms) = preSolution
		Debug|Any CPU = Debug|Any CPU
		Release|Any CPU = Release|Any CPU
	EndGlobalSection
	GlobalSection(ProjectConfigurationPlatforms) = postSolution
		{E85E1857-F210-4499-B3FC-7F876DE513B3}.Debug|Any CPU.ActiveCfg = Debug|Any CPU
		{E85E1857-F210-4499-B3FC-7F876DE513B3}.Debug|Any CPU.Build.0 = Debug|Any CPU
		{E85E1857-F210-4499-B3FC-7F876DE513B3}.Release|Any CPU.ActiveCfg = Release|Any CPU
		{E85E1857-F210-4499-B3FC-7F876DE513B3}.Release|Any CPU.Build.0 = Release|Any CPU
		{2027456E-9106-4657-8460-29FD0FE8F62F}.Debug|Any CPU.ActiveCfg = Debug|Any CPU
		{2027456E-9106-4657-8460-29FD0FE8F62F}.Debug|Any CPU.Build.0 = Debug|Any CPU
		{2027456E-9106-4657-8460-29FD0FE8F62F}.Release|Any CPU.ActiveCfg = Release|Any CPU
		{2027456E-9106-4657-8460-29FD0FE8F62F}.Release|Any CPU.Build.0 = Release|Any CPU
		{B087D8BE-032E-4D62-A305-7D333ED2A680}.Debug|Any CPU.ActiveCfg = Debug|Any CPU
		{B087D8BE-032E-4D62-A305-7D333ED2A680}.Debug|Any CPU.Build.0 = Debug|Any CPU
		{B087D8BE-032E-4D62-A305-7D333ED2A680}.Release|Any CPU.ActiveCfg = Release|Any CPU
		{B087D8BE-032E-4D62-A305-7D333ED2A680}.Release|Any CPU.Build.0 = Release|Any CPU
		{81AA5DCB-0759-40A8-85A4-50162DA35A62}.Debug|Any CPU.ActiveCfg = Debug|Any CPU
		{81AA5DCB-0759-40A8-85A4-50162DA35A62}.Debug|Any CPU.Build.0 = Debug|Any CPU
		{81AA5DCB-0759-40A8-85A4-50162DA35A62}.Release|Any CPU.ActiveCfg = Release|Any CPU
		{81AA5DCB-0759-40A8-85A4-50162DA35A62}.Release|Any CPU.Build.0 = Release|Any CPU
		{4360CE1D-7AB5-4914-A054-12149E9FD270}.Debug|Any CPU.ActiveCfg = Debug|Any CPU
		{4360CE1D-7AB5-4914-A054-12149E9FD270}.Debug|Any CPU.Build.0 = Debug|Any CPU
		{4360CE1D-7AB5-4914-A054-12149E9FD270}.Release|Any CPU.ActiveCfg = Release|Any CPU
		{4360CE1D-7AB5-4914-A054-12149E9FD270}.Release|Any CPU.Build.0 = Release|Any CPU
		{1AFB2011-A7F9-40DC-AA29-8B0243CBC72E}.Debug|Any CPU.ActiveCfg = Debug|Any CPU
		{1AFB2011-A7F9-40DC-AA29-8B0243CBC72E}.Debug|Any CPU.Build.0 = Debug|Any CPU
		{1AFB2011-A7F9-40DC-AA29-8B0243CBC72E}.Release|Any CPU.ActiveCfg = Release|Any CPU
		{1AFB2011-A7F9-40DC-AA29-8B0243CBC72E}.Release|Any CPU.Build.0 = Release|Any CPU
		{87028CB7-7FF5-4B94-8636-90870D379873}.Debug|Any CPU.ActiveCfg = Debug|Any CPU
		{87028CB7-7FF5-4B94-8636-90870D379873}.Debug|Any CPU.Build.0 = Debug|Any CPU
		{87028CB7-7FF5-4B94-8636-90870D379873}.Release|Any CPU.ActiveCfg = Release|Any CPU
		{87028CB7-7FF5-4B94-8636-90870D379873}.Release|Any CPU.Build.0 = Release|Any CPU
		{7EF16BD2-5552-4680-ABBC-13506752EB6D}.Debug|Any CPU.ActiveCfg = Debug|Any CPU
		{7EF16BD2-5552-4680-ABBC-13506752EB6D}.Debug|Any CPU.Build.0 = Debug|Any CPU
		{7EF16BD2-5552-4680-ABBC-13506752EB6D}.Release|Any CPU.ActiveCfg = Release|Any CPU
		{7EF16BD2-5552-4680-ABBC-13506752EB6D}.Release|Any CPU.Build.0 = Release|Any CPU
		{F5EB417D-588B-40DB-A9BC-8CB714F8BA7C}.Debug|Any CPU.ActiveCfg = Debug|Any CPU
		{F5EB417D-588B-40DB-A9BC-8CB714F8BA7C}.Debug|Any CPU.Build.0 = Debug|Any CPU
		{F5EB417D-588B-40DB-A9BC-8CB714F8BA7C}.Release|Any CPU.ActiveCfg = Release|Any CPU
		{F5EB417D-588B-40DB-A9BC-8CB714F8BA7C}.Release|Any CPU.Build.0 = Release|Any CPU
	EndGlobalSection
	GlobalSection(SolutionProperties) = preSolution
		HideSolutionNode = FALSE
	EndGlobalSection
	GlobalSection(NestedProjects) = preSolution
		{E85E1857-F210-4499-B3FC-7F876DE513B3} = {43CF214F-8C1A-4433-824E-CBD46BA7223E}
		{2027456E-9106-4657-8460-29FD0FE8F62F} = {43CF214F-8C1A-4433-824E-CBD46BA7223E}
		{B087D8BE-032E-4D62-A305-7D333ED2A680} = {81AA2238-D340-4199-B3B9-76AB9792B3E7}
		{81AA5DCB-0759-40A8-85A4-50162DA35A62} = {43CF214F-8C1A-4433-824E-CBD46BA7223E}
		{4360CE1D-7AB5-4914-A054-12149E9FD270} = {81AA2238-D340-4199-B3B9-76AB9792B3E7}
		{1AFB2011-A7F9-40DC-AA29-8B0243CBC72E} = {81AA2238-D340-4199-B3B9-76AB9792B3E7}
		{87028CB7-7FF5-4B94-8636-90870D379873} = {04ECD372-B558-40B1-ADBC-E626596BB91F}
		{7EF16BD2-5552-4680-ABBC-13506752EB6D} = {81AA2238-D340-4199-B3B9-76AB9792B3E7}
		{F5EB417D-588B-40DB-A9BC-8CB714F8BA7C} = {81AA2238-D340-4199-B3B9-76AB9792B3E7}
	EndGlobalSection
	GlobalSection(ExtensibilityGlobals) = postSolution
		SolutionGuid = {ABBB3E10-D2E8-438B-B5BB-AB4E824BCB6A}
	EndGlobalSection
EndGlobal
